// !$*UTF8*$!
{
	archiveVersion = 1;
	classes = {
	};
	objectVersion = 56;
	objects = {

/* Begin PBXBuildFile section */
		A80AE0EE2A54245B00067765 /* AppDelegate.swift in Sources */ = {isa = PBXBuildFile; fileRef = A80AE0ED2A54245B00067765 /* AppDelegate.swift */; };
		A80AE0F02A54245B00067765 /* SceneDelegate.swift in Sources */ = {isa = PBXBuildFile; fileRef = A80AE0EF2A54245B00067765 /* SceneDelegate.swift */; };
		A80AE0F22A54245B00067765 /* FeedConroller.swift in Sources */ = {isa = PBXBuildFile; fileRef = A80AE0F12A54245B00067765 /* FeedConroller.swift */; };
		A80AE0F72A54245D00067765 /* Assets.xcassets in Resources */ = {isa = PBXBuildFile; fileRef = A80AE0F62A54245D00067765 /* Assets.xcassets */; };
		A80AE0FA2A54245D00067765 /* LaunchScreen.storyboard in Resources */ = {isa = PBXBuildFile; fileRef = A80AE0F82A54245D00067765 /* LaunchScreen.storyboard */; };
		A81E4A452A621756006D695A /* SessionController.swift in Sources */ = {isa = PBXBuildFile; fileRef = A81E4A442A621756006D695A /* SessionController.swift */; };
		A81E4A472A62176C006D695A /* ProgressController.swift in Sources */ = {isa = PBXBuildFile; fileRef = A81E4A462A62176C006D695A /* ProgressController.swift */; };
		A821F2232A606A19005A5F79 /* UIViewExt.swift in Sources */ = {isa = PBXBuildFile; fileRef = A821F2222A606A19005A5F79 /* UIViewExt.swift */; };
		A821F2292A606F57005A5F79 /* OverviewController.swift in Sources */ = {isa = PBXBuildFile; fileRef = A821F2282A606F57005A5F79 /* OverviewController.swift */; };
		A83B5A512A58D56A00B9C2BD /* TabBarController.swift in Sources */ = {isa = PBXBuildFile; fileRef = A83B5A502A58D56A00B9C2BD /* TabBarController.swift */; };
		A83B5A542A58F40500B9C2BD /* UIColorExt.swift in Sources */ = {isa = PBXBuildFile; fileRef = A83B5A532A58F40500B9C2BD /* UIColorExt.swift */; };
		A83B5A592A58F99600B9C2BD /* Resources.swift in Sources */ = {isa = PBXBuildFile; fileRef = A83B5A582A58F99600B9C2BD /* Resources.swift */; };
		A86354AA2A5E8448000216FF /* NavBarController.swift in Sources */ = {isa = PBXBuildFile; fileRef = A86354A92A5E8448000216FF /* NavBarController.swift */; };
		A86354AD2A5E86BF000216FF /* BaseController.swift in Sources */ = {isa = PBXBuildFile; fileRef = A86354AC2A5E86BF000216FF /* BaseController.swift */; };
/* End PBXBuildFile section */

/* Begin PBXFileReference section */
		A80AE0EA2A54245B00067765 /* SomeApp.app */ = {isa = PBXFileReference; explicitFileType = wrapper.application; includeInIndex = 0; path = SomeApp.app; sourceTree = BUILT_PRODUCTS_DIR; };
		A80AE0ED2A54245B00067765 /* AppDelegate.swift */ = {isa = PBXFileReference; lastKnownFileType = sourcecode.swift; path = AppDelegate.swift; sourceTree = "<group>"; };
		A80AE0EF2A54245B00067765 /* SceneDelegate.swift */ = {isa = PBXFileReference; lastKnownFileType = sourcecode.swift; path = SceneDelegate.swift; sourceTree = "<group>"; };
		A80AE0F12A54245B00067765 /* FeedConroller.swift */ = {isa = PBXFileReference; lastKnownFileType = sourcecode.swift; path = FeedConroller.swift; sourceTree = "<group>"; };
		A80AE0F62A54245D00067765 /* Assets.xcassets */ = {isa = PBXFileReference; lastKnownFileType = folder.assetcatalog; path = Assets.xcassets; sourceTree = "<group>"; };
		A80AE0F92A54245D00067765 /* Base */ = {isa = PBXFileReference; lastKnownFileType = file.storyboard; name = Base; path = Base.lproj/LaunchScreen.storyboard; sourceTree = "<group>"; };
		A80AE0FB2A54245D00067765 /* Info.plist */ = {isa = PBXFileReference; lastKnownFileType = text.plist.xml; path = Info.plist; sourceTree = "<group>"; };
		A81E4A442A621756006D695A /* SessionController.swift */ = {isa = PBXFileReference; lastKnownFileType = sourcecode.swift; path = SessionController.swift; sourceTree = "<group>"; };
		A81E4A462A62176C006D695A /* ProgressController.swift */ = {isa = PBXFileReference; lastKnownFileType = sourcecode.swift; path = ProgressController.swift; sourceTree = "<group>"; };
		A821F2222A606A19005A5F79 /* UIViewExt.swift */ = {isa = PBXFileReference; lastKnownFileType = sourcecode.swift; path = UIViewExt.swift; sourceTree = "<group>"; };
		A821F2282A606F57005A5F79 /* OverviewController.swift */ = {isa = PBXFileReference; lastKnownFileType = sourcecode.swift; path = OverviewController.swift; sourceTree = "<group>"; };
		A83B5A502A58D56A00B9C2BD /* TabBarController.swift */ = {isa = PBXFileReference; lastKnownFileType = sourcecode.swift; path = TabBarController.swift; sourceTree = "<group>"; };
		A83B5A532A58F40500B9C2BD /* UIColorExt.swift */ = {isa = PBXFileReference; lastKnownFileType = sourcecode.swift; path = UIColorExt.swift; sourceTree = "<group>"; };
		A83B5A582A58F99600B9C2BD /* Resources.swift */ = {isa = PBXFileReference; lastKnownFileType = sourcecode.swift; path = Resources.swift; sourceTree = "<group>"; };
		A86354A92A5E8448000216FF /* NavBarController.swift */ = {isa = PBXFileReference; lastKnownFileType = sourcecode.swift; path = NavBarController.swift; sourceTree = "<group>"; };
		A86354AC2A5E86BF000216FF /* BaseController.swift */ = {isa = PBXFileReference; lastKnownFileType = sourcecode.swift; path = BaseController.swift; sourceTree = "<group>"; };
/* End PBXFileReference section */

/* Begin PBXFrameworksBuildPhase section */
		A80AE0E72A54245B00067765 /* Frameworks */ = {
			isa = PBXFrameworksBuildPhase;
			buildActionMask = 2147483647;
			files = (
			);
			runOnlyForDeploymentPostprocessing = 0;
		};
/* End PBXFrameworksBuildPhase section */

/* Begin PBXGroup section */
		A80AE0E12A54245B00067765 = {
			isa = PBXGroup;
			children = (
				A80AE0EC2A54245B00067765 /* SomeApp */,
				A80AE0EB2A54245B00067765 /* Products */,
			);
			sourceTree = "<group>";
		};
		A80AE0EB2A54245B00067765 /* Products */ = {
			isa = PBXGroup;
			children = (
				A80AE0EA2A54245B00067765 /* SomeApp.app */,
			);
			name = Products;
			sourceTree = "<group>";
		};
		A80AE0EC2A54245B00067765 /* SomeApp */ = {
			isa = PBXGroup;
			children = (
				A83B5A522A58F3E300B9C2BD /* Exstensions */,
				A86571702A5459E10031834E /* Application */,
				A80AE0F12A54245B00067765 /* FeedConroller.swift */,
				A86354AB2A5E86A5000216FF /* Controllers */,
				A86571712A545A050031834E /* SupportingFiles */,
			);
			path = SomeApp;
			sourceTree = "<group>";
		};
		A81E4A412A6216A3006D695A /* Progress */ = {
			isa = PBXGroup;
			children = (
				A81E4A462A62176C006D695A /* ProgressController.swift */,
			);
			path = Progress;
			sourceTree = "<group>";
		};
		A81E4A422A6216BF006D695A /* Session */ = {
			isa = PBXGroup;
			children = (
				A81E4A442A621756006D695A /* SessionController.swift */,
			);
			path = Session;
			sourceTree = "<group>";
		};
		A821F2242A606EC4005A5F79 /* Base */ = {
			isa = PBXGroup;
			children = (
				A81E4A422A6216BF006D695A /* Session */,
				A81E4A412A6216A3006D695A /* Progress */,
				A821F2272A606F28005A5F79 /* Overview */,
				A83B5A502A58D56A00B9C2BD /* TabBarController.swift */,
				A86354A92A5E8448000216FF /* NavBarController.swift */,
				A86354AC2A5E86BF000216FF /* BaseController.swift */,
			);
			path = Base;
			sourceTree = "<group>";
		};
		A821F2252A606ED3005A5F79 /* Feed */ = {
			isa = PBXGroup;
			children = (
			);
			path = Feed;
			sourceTree = "<group>";
		};
		A821F2262A606F05005A5F79 /* Multi */ = {
			isa = PBXGroup;
			children = (
			);
			path = Multi;
			sourceTree = "<group>";
		};
		A821F2272A606F28005A5F79 /* Overview */ = {
			isa = PBXGroup;
			children = (
				A821F2282A606F57005A5F79 /* OverviewController.swift */,
			);
			path = Overview;
			sourceTree = "<group>";
		};
		A83B5A522A58F3E300B9C2BD /* Exstensions */ = {
			isa = PBXGroup;
			children = (
				A83B5A532A58F40500B9C2BD /* UIColorExt.swift */,
				A83B5A582A58F99600B9C2BD /* Resources.swift */,
				A821F2222A606A19005A5F79 /* UIViewExt.swift */,
			);
			path = Exstensions;
			sourceTree = "<group>";
		};
		A86354AB2A5E86A5000216FF /* Controllers */ = {
			isa = PBXGroup;
			children = (
				A821F2262A606F05005A5F79 /* Multi */,
				A821F2252A606ED3005A5F79 /* Feed */,
				A821F2242A606EC4005A5F79 /* Base */,
			);
			path = Controllers;
			sourceTree = "<group>";
		};
		A86571702A5459E10031834E /* Application */ = {
			isa = PBXGroup;
			children = (
				A80AE0ED2A54245B00067765 /* AppDelegate.swift */,
				A80AE0EF2A54245B00067765 /* SceneDelegate.swift */,
			);
			path = Application;
			sourceTree = "<group>";
		};
		A86571712A545A050031834E /* SupportingFiles */ = {
			isa = PBXGroup;
			children = (
				A80AE0F62A54245D00067765 /* Assets.xcassets */,
				A80AE0F82A54245D00067765 /* LaunchScreen.storyboard */,
				A80AE0FB2A54245D00067765 /* Info.plist */,
			);
			path = SupportingFiles;
			sourceTree = "<group>";
		};
/* End PBXGroup section */

/* Begin PBXNativeTarget section */
		A80AE0E92A54245B00067765 /* SomeApp */ = {
			isa = PBXNativeTarget;
			buildConfigurationList = A80AE0FE2A54245D00067765 /* Build configuration list for PBXNativeTarget "SomeApp" */;
			buildPhases = (
				A80AE0E62A54245B00067765 /* Sources */,
				A80AE0E72A54245B00067765 /* Frameworks */,
				A80AE0E82A54245B00067765 /* Resources */,
			);
			buildRules = (
			);
			dependencies = (
			);
			name = SomeApp;
			productName = SomeApp;
			productReference = A80AE0EA2A54245B00067765 /* SomeApp.app */;
			productType = "com.apple.product-type.application";
		};
/* End PBXNativeTarget section */

/* Begin PBXProject section */
		A80AE0E22A54245B00067765 /* Project object */ = {
			isa = PBXProject;
			attributes = {
				BuildIndependentTargetsInParallel = 1;
				LastSwiftUpdateCheck = 1430;
				LastUpgradeCheck = 1430;
				TargetAttributes = {
					A80AE0E92A54245B00067765 = {
						CreatedOnToolsVersion = 14.3.1;
					};
				};
			};
			buildConfigurationList = A80AE0E52A54245B00067765 /* Build configuration list for PBXProject "SomeApp" */;
			compatibilityVersion = "Xcode 14.0";
			developmentRegion = en;
			hasScannedForEncodings = 0;
			knownRegions = (
				en,
				Base,
			);
			mainGroup = A80AE0E12A54245B00067765;
			productRefGroup = A80AE0EB2A54245B00067765 /* Products */;
			projectDirPath = "";
			projectRoot = "";
			targets = (
				A80AE0E92A54245B00067765 /* SomeApp */,
			);
		};
/* End PBXProject section */

/* Begin PBXResourcesBuildPhase section */
		A80AE0E82A54245B00067765 /* Resources */ = {
			isa = PBXResourcesBuildPhase;
			buildActionMask = 2147483647;
			files = (
				A80AE0FA2A54245D00067765 /* LaunchScreen.storyboard in Resources */,
				A80AE0F72A54245D00067765 /* Assets.xcassets in Resources */,
			);
			runOnlyForDeploymentPostprocessing = 0;
		};
/* End PBXResourcesBuildPhase section */

/* Begin PBXSourcesBuildPhase section */
		A80AE0E62A54245B00067765 /* Sources */ = {
			isa = PBXSourcesBuildPhase;
			buildActionMask = 2147483647;
			files = (
				A821F2232A606A19005A5F79 /* UIViewExt.swift in Sources */,
				A81E4A452A621756006D695A /* SessionController.swift in Sources */,
				A80AE0F22A54245B00067765 /* FeedConroller.swift in Sources */,
				A83B5A512A58D56A00B9C2BD /* TabBarController.swift in Sources */,
				A80AE0EE2A54245B00067765 /* AppDelegate.swift in Sources */,
				A86354AA2A5E8448000216FF /* NavBarController.swift in Sources */,
				A83B5A592A58F99600B9C2BD /* Resources.swift in Sources */,
				A83B5A542A58F40500B9C2BD /* UIColorExt.swift in Sources */,
				A81E4A472A62176C006D695A /* ProgressController.swift in Sources */,
				A86354AD2A5E86BF000216FF /* BaseController.swift in Sources */,
				A821F2292A606F57005A5F79 /* OverviewController.swift in Sources */,
				A80AE0F02A54245B00067765 /* SceneDelegate.swift in Sources */,
			);
			runOnlyForDeploymentPostprocessing = 0;
		};
/* End PBXSourcesBuildPhase section */

/* Begin PBXVariantGroup section */
		A80AE0F82A54245D00067765 /* LaunchScreen.storyboard */ = {
			isa = PBXVariantGroup;
			children = (
				A80AE0F92A54245D00067765 /* Base */,
			);
			name = LaunchScreen.storyboard;
			sourceTree = "<group>";
		};
/* End PBXVariantGroup section */

/* Begin XCBuildConfiguration section */
		A80AE0FC2A54245D00067765 /* Debug */ = {
			isa = XCBuildConfiguration;
			buildSettings = {
				ALWAYS_SEARCH_USER_PATHS = NO;
				CLANG_ANALYZER_NONNULL = YES;
				CLANG_ANALYZER_NUMBER_OBJECT_CONVERSION = YES_AGGRESSIVE;
				CLANG_CXX_LANGUAGE_STANDARD = "gnu++20";
				CLANG_ENABLE_MODULES = YES;
				CLANG_ENABLE_OBJC_ARC = YES;
				CLANG_ENABLE_OBJC_WEAK = YES;
				CLANG_WARN_BLOCK_CAPTURE_AUTORELEASING = YES;
				CLANG_WARN_BOOL_CONVERSION = YES;
				CLANG_WARN_COMMA = YES;
				CLANG_WARN_CONSTANT_CONVERSION = YES;
				CLANG_WARN_DEPRECATED_OBJC_IMPLEMENTATIONS = YES;
				CLANG_WARN_DIRECT_OBJC_ISA_USAGE = YES_ERROR;
				CLANG_WARN_DOCUMENTATION_COMMENTS = YES;
				CLANG_WARN_EMPTY_BODY = YES;
				CLANG_WARN_ENUM_CONVERSION = YES;
				CLANG_WARN_INFINITE_RECURSION = YES;
				CLANG_WARN_INT_CONVERSION = YES;
				CLANG_WARN_NON_LITERAL_NULL_CONVERSION = YES;
				CLANG_WARN_OBJC_IMPLICIT_RETAIN_SELF = YES;
				CLANG_WARN_OBJC_LITERAL_CONVERSION = YES;
				CLANG_WARN_OBJC_ROOT_CLASS = YES_ERROR;
				CLANG_WARN_QUOTED_INCLUDE_IN_FRAMEWORK_HEADER = YES;
				CLANG_WARN_RANGE_LOOP_ANALYSIS = YES;
				CLANG_WARN_STRICT_PROTOTYPES = YES;
				CLANG_WARN_SUSPICIOUS_MOVE = YES;
				CLANG_WARN_UNGUARDED_AVAILABILITY = YES_AGGRESSIVE;
				CLANG_WARN_UNREACHABLE_CODE = YES;
				CLANG_WARN__DUPLICATE_METHOD_MATCH = YES;
				COPY_PHASE_STRIP = NO;
				DEBUG_INFORMATION_FORMAT = dwarf;
				ENABLE_STRICT_OBJC_MSGSEND = YES;
				ENABLE_TESTABILITY = YES;
				GCC_C_LANGUAGE_STANDARD = gnu11;
				GCC_DYNAMIC_NO_PIC = NO;
				GCC_NO_COMMON_BLOCKS = YES;
				GCC_OPTIMIZATION_LEVEL = 0;
				GCC_PREPROCESSOR_DEFINITIONS = (
					"DEBUG=1",
					"$(inherited)",
				);
				GCC_WARN_64_TO_32_BIT_CONVERSION = YES;
				GCC_WARN_ABOUT_RETURN_TYPE = YES_ERROR;
				GCC_WARN_UNDECLARED_SELECTOR = YES;
				GCC_WARN_UNINITIALIZED_AUTOS = YES_AGGRESSIVE;
				GCC_WARN_UNUSED_FUNCTION = YES;
				GCC_WARN_UNUSED_VARIABLE = YES;
				IPHONEOS_DEPLOYMENT_TARGET = 16.4;
				MTL_ENABLE_DEBUG_INFO = INCLUDE_SOURCE;
				MTL_FAST_MATH = YES;
				ONLY_ACTIVE_ARCH = YES;
				SDKROOT = iphoneos;
				SWIFT_ACTIVE_COMPILATION_CONDITIONS = DEBUG;
				SWIFT_OPTIMIZATION_LEVEL = "-Onone";
			};
			name = Debug;
		};
		A80AE0FD2A54245D00067765 /* Release */ = {
			isa = XCBuildConfiguration;
			buildSettings = {
				ALWAYS_SEARCH_USER_PATHS = NO;
				CLANG_ANALYZER_NONNULL = YES;
				CLANG_ANALYZER_NUMBER_OBJECT_CONVERSION = YES_AGGRESSIVE;
				CLANG_CXX_LANGUAGE_STANDARD = "gnu++20";
				CLANG_ENABLE_MODULES = YES;
				CLANG_ENABLE_OBJC_ARC = YES;
				CLANG_ENABLE_OBJC_WEAK = YES;
				CLANG_WARN_BLOCK_CAPTURE_AUTORELEASING = YES;
				CLANG_WARN_BOOL_CONVERSION = YES;
				CLANG_WARN_COMMA = YES;
				CLANG_WARN_CONSTANT_CONVERSION = YES;
				CLANG_WARN_DEPRECATED_OBJC_IMPLEMENTATIONS = YES;
				CLANG_WARN_DIRECT_OBJC_ISA_USAGE = YES_ERROR;
				CLANG_WARN_DOCUMENTATION_COMMENTS = YES;
				CLANG_WARN_EMPTY_BODY = YES;
				CLANG_WARN_ENUM_CONVERSION = YES;
				CLANG_WARN_INFINITE_RECURSION = YES;
				CLANG_WARN_INT_CONVERSION = YES;
				CLANG_WARN_NON_LITERAL_NULL_CONVERSION = YES;
				CLANG_WARN_OBJC_IMPLICIT_RETAIN_SELF = YES;
				CLANG_WARN_OBJC_LITERAL_CONVERSION = YES;
				CLANG_WARN_OBJC_ROOT_CLASS = YES_ERROR;
				CLANG_WARN_QUOTED_INCLUDE_IN_FRAMEWORK_HEADER = YES;
				CLANG_WARN_RANGE_LOOP_ANALYSIS = YES;
				CLANG_WARN_STRICT_PROTOTYPES = YES;
				CLANG_WARN_SUSPICIOUS_MOVE = YES;
				CLANG_WARN_UNGUARDED_AVAILABILITY = YES_AGGRESSIVE;
				CLANG_WARN_UNREACHABLE_CODE = YES;
				CLANG_WARN__DUPLICATE_METHOD_MATCH = YES;
				COPY_PHASE_STRIP = NO;
				DEBUG_INFORMATION_FORMAT = "dwarf-with-dsym";
				ENABLE_NS_ASSERTIONS = NO;
				ENABLE_STRICT_OBJC_MSGSEND = YES;
				GCC_C_LANGUAGE_STANDARD = gnu11;
				GCC_NO_COMMON_BLOCKS = YES;
				GCC_WARN_64_TO_32_BIT_CONVERSION = YES;
				GCC_WARN_ABOUT_RETURN_TYPE = YES_ERROR;
				GCC_WARN_UNDECLARED_SELECTOR = YES;
				GCC_WARN_UNINITIALIZED_AUTOS = YES_AGGRESSIVE;
				GCC_WARN_UNUSED_FUNCTION = YES;
				GCC_WARN_UNUSED_VARIABLE = YES;
				IPHONEOS_DEPLOYMENT_TARGET = 16.4;
				MTL_ENABLE_DEBUG_INFO = NO;
				MTL_FAST_MATH = YES;
				SDKROOT = iphoneos;
				SWIFT_COMPILATION_MODE = wholemodule;
				SWIFT_OPTIMIZATION_LEVEL = "-O";
				VALIDATE_PRODUCT = YES;
			};
			name = Release;
		};
		A80AE0FF2A54245D00067765 /* Debug */ = {
			isa = XCBuildConfiguration;
			buildSettings = {
				ASSETCATALOG_COMPILER_APPICON_NAME = AppIcon;
				ASSETCATALOG_COMPILER_GLOBAL_ACCENT_COLOR_NAME = AccentColor;
				CODE_SIGN_STYLE = Automatic;
				CURRENT_PROJECT_VERSION = 1;
				DEVELOPMENT_TEAM = YUXNM3434R;
				GENERATE_INFOPLIST_FILE = YES;
				INFOPLIST_FILE = SomeApp/SupportingFiles/Info.plist;
				INFOPLIST_KEY_UIApplicationSupportsIndirectInputEvents = YES;
				INFOPLIST_KEY_UILaunchStoryboardName = LaunchScreen;
				INFOPLIST_KEY_UIMainStoryboardFile = "";
				INFOPLIST_KEY_UISupportedInterfaceOrientations = UIInterfaceOrientationPortrait;
				INFOPLIST_KEY_UISupportedInterfaceOrientations_iPad = "UIInterfaceOrientationLandscapeLeft UIInterfaceOrientationLandscapeRight UIInterfaceOrientationPortrait UIInterfaceOrientationPortraitUpsideDown";
				LD_RUNPATH_SEARCH_PATHS = (
					"$(inherited)",
					"@executable_path/Frameworks",
				);
				MARKETING_VERSION = 1.0;
				PRODUCT_BUNDLE_IDENTIFIER = mb.corp.SomeApp;
				PRODUCT_NAME = "$(TARGET_NAME)";
				SWIFT_EMIT_LOC_STRINGS = YES;
				SWIFT_VERSION = 5.0;
				TARGETED_DEVICE_FAMILY = "1,2";
			};
			name = Debug;
		};
		A80AE1002A54245D00067765 /* Release */ = {
			isa = XCBuildConfiguration;
			buildSettings = {
				ASSETCATALOG_COMPILER_APPICON_NAME = AppIcon;
				ASSETCATALOG_COMPILER_GLOBAL_ACCENT_COLOR_NAME = AccentColor;
				CODE_SIGN_STYLE = Automatic;
				CURRENT_PROJECT_VERSION = 1;
				DEVELOPMENT_TEAM = YUXNM3434R;
				GENERATE_INFOPLIST_FILE = YES;
				INFOPLIST_FILE = SomeApp/SupportingFiles/Info.plist;
				INFOPLIST_KEY_UIApplicationSupportsIndirectInputEvents = YES;
				INFOPLIST_KEY_UILaunchStoryboardName = LaunchScreen;
				INFOPLIST_KEY_UIMainStoryboardFile = "";
				INFOPLIST_KEY_UISupportedInterfaceOrientations = UIInterfaceOrientationPortrait;
				INFOPLIST_KEY_UISupportedInterfaceOrientations_iPad = "UIInterfaceOrientationLandscapeLeft UIInterfaceOrientationLandscapeRight UIInterfaceOrientationPortrait UIInterfaceOrientationPortraitUpsideDown";
				LD_RUNPATH_SEARCH_PATHS = (
					"$(inherited)",
					"@executable_path/Frameworks",
				);
				MARKETING_VERSION = 1.0;
				PRODUCT_BUNDLE_IDENTIFIER = mb.corp.SomeApp;
				PRODUCT_NAME = "$(TARGET_NAME)";
				SWIFT_EMIT_LOC_STRINGS = YES;
				SWIFT_VERSION = 5.0;
				TARGETED_DEVICE_FAMILY = "1,2";
			};
			name = Release;
		};
/* End XCBuildConfiguration section */

/* Begin XCConfigurationList section */
		A80AE0E52A54245B00067765 /* Build configuration list for PBXProject "SomeApp" */ = {
			isa = XCConfigurationList;
			buildConfigurations = (
				A80AE0FC2A54245D00067765 /* Debug */,
				A80AE0FD2A54245D00067765 /* Release */,
			);
			defaultConfigurationIsVisible = 0;
			defaultConfigurationName = Release;
		};
		A80AE0FE2A54245D00067765 /* Build configuration list for PBXNativeTarget "SomeApp" */ = {
			isa = XCConfigurationList;
			buildConfigurations = (
				A80AE0FF2A54245D00067765 /* Debug */,
				A80AE1002A54245D00067765 /* Release */,
			);
			defaultConfigurationIsVisible = 0;
			defaultConfigurationName = Release;
		};
/* End XCConfigurationList section */
	};
	rootObject = A80AE0E22A54245B00067765 /* Project object */;
}
